// !$*UTF8*$!
{
	archiveVersion = 1;
	classes = {
	};
	objectVersion = 50;
	objects = {

/* Begin PBXBuildFile section */
		84E6D4D5234F3C680013BCD3 /* main.swift in Sources */ = {isa = PBXBuildFile; fileRef = 84E6D4D4234F3C680013BCD3 /* main.swift */; };
		84E6D4E3234F3D310013BCD3 /* Error.swift in Sources */ = {isa = PBXBuildFile; fileRef = 84E6D4DD234F3D310013BCD3 /* Error.swift */; };
		84E6D4E4234F3D310013BCD3 /* Accessor.swift in Sources */ = {isa = PBXBuildFile; fileRef = 84E6D4DE234F3D310013BCD3 /* Accessor.swift */; };
		84E6D4E5234F3D310013BCD3 /* Element.swift in Sources */ = {isa = PBXBuildFile; fileRef = 84E6D4DF234F3D310013BCD3 /* Element.swift */; };
		84E6D4E6234F3D310013BCD3 /* XML.swift in Sources */ = {isa = PBXBuildFile; fileRef = 84E6D4E1234F3D310013BCD3 /* XML.swift */; };
		84E6D4E7234F3D310013BCD3 /* Parser.swift in Sources */ = {isa = PBXBuildFile; fileRef = 84E6D4E2234F3D310013BCD3 /* Parser.swift */; };
/* End PBXBuildFile section */

/* Begin PBXCopyFilesBuildPhase section */
		84E6D4CF234F3C680013BCD3 /* CopyFiles */ = {
			isa = PBXCopyFilesBuildPhase;
			buildActionMask = 2147483647;
			dstPath = /usr/share/man/man1/;
			dstSubfolderSpec = 0;
			files = (
			);
			runOnlyForDeploymentPostprocessing = 1;
		};
/* End PBXCopyFilesBuildPhase section */

/* Begin PBXFileReference section */
		84E6D4D1234F3C680013BCD3 /* outletcheck */ = {isa = PBXFileReference; explicitFileType = "compiled.mach-o.executable"; includeInIndex = 0; path = outletcheck; sourceTree = BUILT_PRODUCTS_DIR; };
		84E6D4D4234F3C680013BCD3 /* main.swift */ = {isa = PBXFileReference; lastKnownFileType = sourcecode.swift; path = main.swift; sourceTree = "<group>"; };
		84E6D4DD234F3D310013BCD3 /* Error.swift */ = {isa = PBXFileReference; fileEncoding = 4; lastKnownFileType = sourcecode.swift; path = Error.swift; sourceTree = "<group>"; };
		84E6D4DE234F3D310013BCD3 /* Accessor.swift */ = {isa = PBXFileReference; fileEncoding = 4; lastKnownFileType = sourcecode.swift; path = Accessor.swift; sourceTree = "<group>"; };
		84E6D4DF234F3D310013BCD3 /* Element.swift */ = {isa = PBXFileReference; fileEncoding = 4; lastKnownFileType = sourcecode.swift; path = Element.swift; sourceTree = "<group>"; };
		84E6D4E1234F3D310013BCD3 /* XML.swift */ = {isa = PBXFileReference; fileEncoding = 4; lastKnownFileType = sourcecode.swift; path = XML.swift; sourceTree = "<group>"; };
		84E6D4E2234F3D310013BCD3 /* Parser.swift */ = {isa = PBXFileReference; fileEncoding = 4; lastKnownFileType = sourcecode.swift; path = Parser.swift; sourceTree = "<group>"; };
/* End PBXFileReference section */

/* Begin PBXFrameworksBuildPhase section */
		84E6D4CE234F3C680013BCD3 /* Frameworks */ = {
			isa = PBXFrameworksBuildPhase;
			buildActionMask = 2147483647;
			files = (
			);
			runOnlyForDeploymentPostprocessing = 0;
		};
/* End PBXFrameworksBuildPhase section */

/* Begin PBXGroup section */
		84E6D4C8234F3C680013BCD3 = {
			isa = PBXGroup;
			children = (
				84E6D4D3234F3C680013BCD3 /* outletcheck */,
				84E6D4D2234F3C680013BCD3 /* Products */,
			);
			sourceTree = "<group>";
		};
		84E6D4D2234F3C680013BCD3 /* Products */ = {
			isa = PBXGroup;
			children = (
				84E6D4D1234F3C680013BCD3 /* outletcheck */,
			);
			name = Products;
			sourceTree = "<group>";
		};
		84E6D4D3234F3C680013BCD3 /* outletcheck */ = {
			isa = PBXGroup;
			children = (
				84E6D4DB234F3D310013BCD3 /* thirdparty */,
				84E6D4D4234F3C680013BCD3 /* main.swift */,
			);
			path = outletcheck;
			sourceTree = "<group>";
		};
		84E6D4DB234F3D310013BCD3 /* thirdparty */ = {
			isa = PBXGroup;
			children = (
				84E6D4DC234F3D310013BCD3 /* SwiftyXMLParser */,
			);
			path = thirdparty;
			sourceTree = "<group>";
		};
		84E6D4DC234F3D310013BCD3 /* SwiftyXMLParser */ = {
			isa = PBXGroup;
			children = (
				84E6D4DD234F3D310013BCD3 /* Error.swift */,
				84E6D4DE234F3D310013BCD3 /* Accessor.swift */,
				84E6D4DF234F3D310013BCD3 /* Element.swift */,
				84E6D4E1234F3D310013BCD3 /* XML.swift */,
				84E6D4E2234F3D310013BCD3 /* Parser.swift */,
			);
			path = SwiftyXMLParser;
			sourceTree = "<group>";
		};
/* End PBXGroup section */

/* Begin PBXNativeTarget section */
		84E6D4D0234F3C680013BCD3 /* outletcheck */ = {
			isa = PBXNativeTarget;
			buildConfigurationList = 84E6D4D8234F3C680013BCD3 /* Build configuration list for PBXNativeTarget "outletcheck" */;
			buildPhases = (
				84E6D4CD234F3C680013BCD3 /* Sources */,
				84E6D4CE234F3C680013BCD3 /* Frameworks */,
				84E6D4CF234F3C680013BCD3 /* CopyFiles */,
			);
			buildRules = (
			);
			dependencies = (
			);
			name = outletcheck;
			productName = outletcheck;
			productReference = 84E6D4D1234F3C680013BCD3 /* outletcheck */;
			productType = "com.apple.product-type.tool";
		};
/* End PBXNativeTarget section */

/* Begin PBXProject section */
		84E6D4C9234F3C680013BCD3 /* Project object */ = {
			isa = PBXProject;
			attributes = {
				LastSwiftUpdateCheck = 1010;
				LastUpgradeCheck = 1010;
				ORGANIZATIONNAME = VC;
				TargetAttributes = {
					84E6D4D0234F3C680013BCD3 = {
						CreatedOnToolsVersion = 10.1;
					};
				};
			};
			buildConfigurationList = 84E6D4CC234F3C680013BCD3 /* Build configuration list for PBXProject "outletcheck" */;
			compatibilityVersion = "Xcode 9.3";
			developmentRegion = en;
			hasScannedForEncodings = 0;
			knownRegions = (
				en,
			);
			mainGroup = 84E6D4C8234F3C680013BCD3;
			productRefGroup = 84E6D4D2234F3C680013BCD3 /* Products */;
			projectDirPath = "";
			projectRoot = "";
			targets = (
				84E6D4D0234F3C680013BCD3 /* outletcheck */,
			);
		};
/* End PBXProject section */

/* Begin PBXSourcesBuildPhase section */
		84E6D4CD234F3C680013BCD3 /* Sources */ = {
			isa = PBXSourcesBuildPhase;
			buildActionMask = 2147483647;
			files = (
				84E6D4E6234F3D310013BCD3 /* XML.swift in Sources */,
				84E6D4E3234F3D310013BCD3 /* Error.swift in Sources */,
				84E6D4E7234F3D310013BCD3 /* Parser.swift in Sources */,
				84E6D4D5234F3C680013BCD3 /* main.swift in Sources */,
				84E6D4E5234F3D310013BCD3 /* Element.swift in Sources */,
				84E6D4E4234F3D310013BCD3 /* Accessor.swift in Sources */,
			);
			runOnlyForDeploymentPostprocessing = 0;
		};
/* End PBXSourcesBuildPhase section */

/* Begin XCBuildConfiguration section */
		84E6D4D6234F3C680013BCD3 /* Debug */ = {
			isa = XCBuildConfiguration;
			buildSettings = {
				ALWAYS_SEARCH_USER_PATHS = NO;
				CLANG_ANALYZER_NONNULL = YES;
				CLANG_ANALYZER_NUMBER_OBJECT_CONVERSION = YES_AGGRESSIVE;
				CLANG_CXX_LANGUAGE_STANDARD = "gnu++14";
				CLANG_CXX_LIBRARY = "libc++";
				CLANG_ENABLE_MODULES = YES;
				CLANG_ENABLE_OBJC_ARC = YES;
				CLANG_ENABLE_OBJC_WEAK = YES;
				CLANG_WARN_BLOCK_CAPTURE_AUTORELEASING = YES;
				CLANG_WARN_BOOL_CONVERSION = YES;
				CLANG_WARN_COMMA = YES;
				CLANG_WARN_CONSTANT_CONVERSION = YES;
				CLANG_WARN_DEPRECATED_OBJC_IMPLEMENTATIONS = YES;
				CLANG_WARN_DIRECT_OBJC_ISA_USAGE = YES_ERROR;
				CLANG_WARN_DOCUMENTATION_COMMENTS = YES;
				CLANG_WARN_EMPTY_BODY = YES;
				CLANG_WARN_ENUM_CONVERSION = YES;
				CLANG_WARN_INFINITE_RECURSION = YES;
				CLANG_WARN_INT_CONVERSION = YES;
				CLANG_WARN_NON_LITERAL_NULL_CONVERSION = YES;
				CLANG_WARN_OBJC_IMPLICIT_RETAIN_SELF = YES;
				CLANG_WARN_OBJC_LITERAL_CONVERSION = YES;
				CLANG_WARN_OBJC_ROOT_CLASS = YES_ERROR;
				CLANG_WARN_RANGE_LOOP_ANALYSIS = YES;
				CLANG_WARN_STRICT_PROTOTYPES = YES;
				CLANG_WARN_SUSPICIOUS_MOVE = YES;
				CLANG_WARN_UNGUARDED_AVAILABILITY = YES_AGGRESSIVE;
				CLANG_WARN_UNREACHABLE_CODE = YES;
				CLANG_WARN__DUPLICATE_METHOD_MATCH = YES;
				CODE_SIGN_IDENTITY = "Mac Developer";
				COPY_PHASE_STRIP = NO;
				DEBUG_INFORMATION_FORMAT = dwarf;
				ENABLE_STRICT_OBJC_MSGSEND = YES;
				ENABLE_TESTABILITY = YES;
				GCC_C_LANGUAGE_STANDARD = gnu11;
				GCC_DYNAMIC_NO_PIC = NO;
				GCC_NO_COMMON_BLOCKS = YES;
				GCC_OPTIMIZATION_LEVEL = 0;
				GCC_PREPROCESSOR_DEFINITIONS = (
					"DEBUG=1",
					"$(inherited)",
				);
				GCC_WARN_64_TO_32_BIT_CONVERSION = YES;
				GCC_WARN_ABOUT_RETURN_TYPE = YES_ERROR;
				GCC_WARN_UNDECLARED_SELECTOR = YES;
				GCC_WARN_UNINITIALIZED_AUTOS = YES_AGGRESSIVE;
				GCC_WARN_UNUSED_FUNCTION = YES;
				GCC_WARN_UNUSED_VARIABLE = YES;
				MACOSX_DEPLOYMENT_TARGET = 10.14;
				MTL_ENABLE_DEBUG_INFO = INCLUDE_SOURCE;
				MTL_FAST_MATH = YES;
				ONLY_ACTIVE_ARCH = YES;
				SDKROOT = macosx;
				SWIFT_ACTIVE_COMPILATION_CONDITIONS = DEBUG;
				SWIFT_OPTIMIZATION_LEVEL = "-Onone";
			};
			name = Debug;
		};
		84E6D4D7234F3C680013BCD3 /* Release */ = {
			isa = XCBuildConfiguration;
			buildSettings = {
				ALWAYS_SEARCH_USER_PATHS = NO;
				CLANG_ANALYZER_NONNULL = YES;
				CLANG_ANALYZER_NUMBER_OBJECT_CONVERSION = YES_AGGRESSIVE;
				CLANG_CXX_LANGUAGE_STANDARD = "gnu++14";
				CLANG_CXX_LIBRARY = "libc++";
				CLANG_ENABLE_MODULES = YES;
				CLANG_ENABLE_OBJC_ARC = YES;
				CLANG_ENABLE_OBJC_WEAK = YES;
				CLANG_WARN_BLOCK_CAPTURE_AUTORELEASING = YES;
				CLANG_WARN_BOOL_CONVERSION = YES;
				CLANG_WARN_COMMA = YES;
				CLANG_WARN_CONSTANT_CONVERSION = YES;
				CLANG_WARN_DEPRECATED_OBJC_IMPLEMENTATIONS = YES;
				CLANG_WARN_DIRECT_OBJC_ISA_USAGE = YES_ERROR;
				CLANG_WARN_DOCUMENTATION_COMMENTS = YES;
				CLANG_WARN_EMPTY_BODY = YES;
				CLANG_WARN_ENUM_CONVERSION = YES;
				CLANG_WARN_INFINITE_RECURSION = YES;
				CLANG_WARN_INT_CONVERSION = YES;
				CLANG_WARN_NON_LITERAL_NULL_CONVERSION = YES;
				CLANG_WARN_OBJC_IMPLICIT_RETAIN_SELF = YES;
				CLANG_WARN_OBJC_LITERAL_CONVERSION = YES;
				CLANG_WARN_OBJC_ROOT_CLASS = YES_ERROR;
				CLANG_WARN_RANGE_LOOP_ANALYSIS = YES;
				CLANG_WARN_STRICT_PROTOTYPES = YES;
				CLANG_WARN_SUSPICIOUS_MOVE = YES;
				CLANG_WARN_UNGUARDED_AVAILABILITY = YES_AGGRESSIVE;
				CLANG_WARN_UNREACHABLE_CODE = YES;
				CLANG_WARN__DUPLICATE_METHOD_MATCH = YES;
				CODE_SIGN_IDENTITY = "Mac Developer";
				COPY_PHASE_STRIP = NO;
				DEBUG_INFORMATION_FORMAT = "dwarf-with-dsym";
				ENABLE_NS_ASSERTIONS = NO;
				ENABLE_STRICT_OBJC_MSGSEND = YES;
				GCC_C_LANGUAGE_STANDARD = gnu11;
				GCC_NO_COMMON_BLOCKS = YES;
				GCC_WARN_64_TO_32_BIT_CONVERSION = YES;
				GCC_WARN_ABOUT_RETURN_TYPE = YES_ERROR;
				GCC_WARN_UNDECLARED_SELECTOR = YES;
				GCC_WARN_UNINITIALIZED_AUTOS = YES_AGGRESSIVE;
				GCC_WARN_UNUSED_FUNCTION = YES;
				GCC_WARN_UNUSED_VARIABLE = YES;
				MACOSX_DEPLOYMENT_TARGET = 10.14;
				MTL_ENABLE_DEBUG_INFO = NO;
				MTL_FAST_MATH = YES;
				SDKROOT = macosx;
				SWIFT_COMPILATION_MODE = wholemodule;
				SWIFT_OPTIMIZATION_LEVEL = "-O";
			};
			name = Release;
		};
		84E6D4D9234F3C680013BCD3 /* Debug */ = {
			isa = XCBuildConfiguration;
			buildSettings = {
				CODE_SIGN_STYLE = Automatic;
				DEVELOPMENT_TEAM = XJAK77HRG5;
				PRODUCT_NAME = "$(TARGET_NAME)";
				SWIFT_VERSION = 4.2;
			};
			name = Debug;
		};
		84E6D4DA234F3C680013BCD3 /* Release */ = {
			isa = XCBuildConfiguration;
			buildSettings = {
				CODE_SIGN_STYLE = Automatic;
				DEVELOPMENT_TEAM = XJAK77HRG5;
				PRODUCT_NAME = "$(TARGET_NAME)";
				SWIFT_VERSION = 4.2;
			};
			name = Release;
		};
/* End XCBuildConfiguration section */

/* Begin XCConfigurationList section */
		84E6D4CC234F3C680013BCD3 /* Build configuration list for PBXProject "outletcheck" */ = {
			isa = XCConfigurationList;
			buildConfigurations = (
				84E6D4D6234F3C680013BCD3 /* Debug */,
				84E6D4D7234F3C680013BCD3 /* Release */,
			);
			defaultConfigurationIsVisible = 0;
			defaultConfigurationName = Release;
		};
		84E6D4D8234F3C680013BCD3 /* Build configuration list for PBXNativeTarget "outletcheck" */ = {
			isa = XCConfigurationList;
			buildConfigurations = (
				84E6D4D9234F3C680013BCD3 /* Debug */,
				84E6D4DA234F3C680013BCD3 /* Release */,
			);
			defaultConfigurationIsVisible = 0;
			defaultConfigurationName = Release;
		};
/* End XCConfigurationList section */
	};
	rootObject = 84E6D4C9234F3C680013BCD3 /* Project object */;
}
